
Microsoft Visual Studio Solution File, Format Version 12.00
# Visual Studio Version 17
VisualStudioVersion = 17.9.34728.123
MinimumVisualStudioVersion = 10.0.40219.1
Project("{CC5FD16D-436D-48AD-A40C-5A424C6E3E79}") = "RedditService", "RedditService\RedditService.ccproj", "{64B7A31B-40DE-4C8A-81BE-3E6F08F2C915}"
EndProject
Project("{FAE04EC0-301F-11D3-BF4B-00C04F79EFBC}") = "RedditServiceWorker", "RedditServiceWorker\RedditServiceWorker.csproj", "{0BF7DAC0-9D6E-4571-B009-7F5861FAC700}"
EndProject
Project("{FAE04EC0-301F-11D3-BF4B-00C04F79EFBC}") = "RedditDataRepository", "RedditDataRepository\RedditDataRepository.csproj", "{8EA83E5D-3354-478E-AAA4-6FCCB5A9CBB1}"
EndProject
Project("{FAE04EC0-301F-11D3-BF4B-00C04F79EFBC}") = "Common", "Common\Common.csproj", "{3319454F-4841-4707-A279-82BD5DBF3658}"
EndProject
Project("{FAE04EC0-301F-11D3-BF4B-00C04F79EFBC}") = "AdminToolsConsoleApp", "AdminToolsConsoleApp\AdminToolsConsoleApp.csproj", "{67CF08FE-5AC0-45FC-A4B8-E0D572A3193E}"
EndProject
Project("{FAE04EC0-301F-11D3-BF4B-00C04F79EFBC}") = "NotificationService", "NotificationService\NotificationService.csproj", "{659EAD4F-86B4-4CE0-9912-C5F31ED1FBA7}"
EndProject
Project("{FAE04EC0-301F-11D3-BF4B-00C04F79EFBC}") = "HealthMonitoringWorkerRole", "HealthMonitoringWorkerRole\HealthMonitoringWorkerRole.csproj", "{BF5D4434-AB43-4136-8024-85418859BBCD}"
EndProject
Project("{FAE04EC0-301F-11D3-BF4B-00C04F79EFBC}") = "HealthStatusWebRole", "HealthStatusWebRole\HealthStatusWebRole.csproj", "{9E0F24EE-2BA6-424D-9ACA-A555068B31B2}"
EndProject
Global
	GlobalSection(SolutionConfigurationPlatforms) = preSolution
		Debug|Any CPU = Debug|Any CPU
		Release|Any CPU = Release|Any CPU
	EndGlobalSection
	GlobalSection(ProjectConfigurationPlatforms) = postSolution
		{64B7A31B-40DE-4C8A-81BE-3E6F08F2C915}.Debug|Any CPU.ActiveCfg = Debug|Any CPU
		{64B7A31B-40DE-4C8A-81BE-3E6F08F2C915}.Debug|Any CPU.Build.0 = Debug|Any CPU
		{64B7A31B-40DE-4C8A-81BE-3E6F08F2C915}.Release|Any CPU.ActiveCfg = Release|Any CPU
		{64B7A31B-40DE-4C8A-81BE-3E6F08F2C915}.Release|Any CPU.Build.0 = Release|Any CPU
		{0BF7DAC0-9D6E-4571-B009-7F5861FAC700}.Debug|Any CPU.ActiveCfg = Debug|Any CPU
		{0BF7DAC0-9D6E-4571-B009-7F5861FAC700}.Debug|Any CPU.Build.0 = Debug|Any CPU
		{0BF7DAC0-9D6E-4571-B009-7F5861FAC700}.Release|Any CPU.ActiveCfg = Release|Any CPU
		{0BF7DAC0-9D6E-4571-B009-7F5861FAC700}.Release|Any CPU.Build.0 = Release|Any CPU
		{8EA83E5D-3354-478E-AAA4-6FCCB5A9CBB1}.Debug|Any CPU.ActiveCfg = Debug|Any CPU
		{8EA83E5D-3354-478E-AAA4-6FCCB5A9CBB1}.Debug|Any CPU.Build.0 = Debug|Any CPU
		{8EA83E5D-3354-478E-AAA4-6FCCB5A9CBB1}.Release|Any CPU.ActiveCfg = Release|Any CPU
		{8EA83E5D-3354-478E-AAA4-6FCCB5A9CBB1}.Release|Any CPU.Build.0 = Release|Any CPU
		{3319454F-4841-4707-A279-82BD5DBF3658}.Debug|Any CPU.ActiveCfg = Debug|Any CPU
		{3319454F-4841-4707-A279-82BD5DBF3658}.Debug|Any CPU.Build.0 = Debug|Any CPU
		{3319454F-4841-4707-A279-82BD5DBF3658}.Release|Any CPU.ActiveCfg = Release|Any CPU
		{3319454F-4841-4707-A279-82BD5DBF3658}.Release|Any CPU.Build.0 = Release|Any CPU
		{67CF08FE-5AC0-45FC-A4B8-E0D572A3193E}.Debug|Any CPU.ActiveCfg = Debug|Any CPU
		{67CF08FE-5AC0-45FC-A4B8-E0D572A3193E}.Debug|Any CPU.Build.0 = Debug|Any CPU
		{67CF08FE-5AC0-45FC-A4B8-E0D572A3193E}.Release|Any CPU.ActiveCfg = Release|Any CPU
		{67CF08FE-5AC0-45FC-A4B8-E0D572A3193E}.Release|Any CPU.Build.0 = Release|Any CPU
		{659EAD4F-86B4-4CE0-9912-C5F31ED1FBA7}.Debug|Any CPU.ActiveCfg = Debug|Any CPU
		{659EAD4F-86B4-4CE0-9912-C5F31ED1FBA7}.Debug|Any CPU.Build.0 = Debug|Any CPU
		{659EAD4F-86B4-4CE0-9912-C5F31ED1FBA7}.Release|Any CPU.ActiveCfg = Release|Any CPU
		{659EAD4F-86B4-4CE0-9912-C5F31ED1FBA7}.Release|Any CPU.Build.0 = Release|Any CPU
		{BF5D4434-AB43-4136-8024-85418859BBCD}.Debug|Any CPU.ActiveCfg = Debug|Any CPU
		{BF5D4434-AB43-4136-8024-85418859BBCD}.Debug|Any CPU.Build.0 = Debug|Any CPU
		{BF5D4434-AB43-4136-8024-85418859BBCD}.Release|Any CPU.ActiveCfg = Release|Any CPU
		{BF5D4434-AB43-4136-8024-85418859BBCD}.Release|Any CPU.Build.0 = Release|Any CPU
		{9E0F24EE-2BA6-424D-9ACA-A555068B31B2}.Debug|Any CPU.ActiveCfg = Debug|Any CPU
		{9E0F24EE-2BA6-424D-9ACA-A555068B31B2}.Debug|Any CPU.Build.0 = Debug|Any CPU
		{9E0F24EE-2BA6-424D-9ACA-A555068B31B2}.Release|Any CPU.ActiveCfg = Release|Any CPU
		{9E0F24EE-2BA6-424D-9ACA-A555068B31B2}.Release|Any CPU.Build.0 = Release|Any CPU
	EndGlobalSection
	GlobalSection(SolutionProperties) = preSolution
		HideSolutionNode = FALSE
	EndGlobalSection
	GlobalSection(ExtensibilityGlobals) = postSolution
		SolutionGuid = {3B62F474-3814-4AD2-B4C1-860CECE76CFC}
	EndGlobalSection
EndGlobal
